
Microsoft Visual Studio Solution File, Format Version 12.00
# Visual Studio Version 17
VisualStudioVersion = 17.14.36429.23
MinimumVisualStudioVersion = 10.0.40219.1
Project("{2150E333-8FDC-42A3-9474-1A3956D46DE8}") = "INFRASTRUCTURE", "INFRASTRUCTURE", "{BD0F5D29-E86A-42C2-B613-5BCC149453D1}"
EndProject
Project("{2150E333-8FDC-42A3-9474-1A3956D46DE8}") = "API", "API", "{1F5A5F80-1B92-4F16-B689-9D5453FC5BCA}"
EndProject
Project("{2150E333-8FDC-42A3-9474-1A3956D46DE8}") = "TESTS", "TESTS", "{BAC6E544-6649-4BA6-9CEE-D4425D068E6A}"
EndProject
Project("{2150E333-8FDC-42A3-9474-1A3956D46DE8}") = "WEB", "WEB", "{1FD768C8-7281-466C-82B0-FF0C07B69A5F}"
EndProject
Project("{2150E333-8FDC-42A3-9474-1A3956D46DE8}") = "IOC", "IOC", "{AFD1CE87-CBAF-4FAC-859A-8D30B8D0CC5D}"
EndProject
Project("{2150E333-8FDC-42A3-9474-1A3956D46DE8}") = "DOMAIN", "DOMAIN", "{02EA681E-C7D8-13C7-8484-4AC65E1B71E8}"
EndProject
Project("{2150E333-8FDC-42A3-9474-1A3956D46DE8}") = "APPLICATION", "APPLICATION", "{2D5B54F7-2F1D-48B8-95E5-11C689B497B4}"
EndProject
Project("{2150E333-8FDC-42A3-9474-1A3956D46DE8}") = "DOCS", "DOCS", "{03F30CD9-FE1E-467E-867D-E4CA8D10C060}"
EndProject
Project("{FAE04EC0-301F-11D3-BF4B-00C04F79EFBC}") = "SIGEBI.API", "SIGEBI.API\SIGEBI.API.csproj", "{CB3BDB0C-6D6E-46F6-9AE1-569F1652BC9A}"
EndProject
Project("{FAE04EC0-301F-11D3-BF4B-00C04F79EFBC}") = "SIGEBI.APPLICATION", "SIGEBI.APPLICATION\SIGEBI.APPLICATION.csproj", "{96D7DD88-E8A1-44D8-AFDC-CA74ABF07155}"
EndProject
Project("{2150E333-8FDC-42A3-9474-1A3956D46DE8}") = "Diagramas", "Diagramas", "{D91119B3-4399-45AE-9CD0-239982E767F5}"
EndProject
Project("{2150E333-8FDC-42A3-9474-1A3956D46DE8}") = "Manuales", "Manuales", "{B22BE25E-8324-44E2-B038-3E54B94AFD7A}"
EndProject
Project("{FAE04EC0-301F-11D3-BF4B-00C04F79EFBC}") = "SIGEBI.DOMAIN", "SIGEBI.DOMAIN\SIGEBI.DOMAIN.csproj", "{8D440419-DC21-44A3-9C5B-F42A636FAB8E}"
EndProject
Project("{FAE04EC0-301F-11D3-BF4B-00C04F79EFBC}") = "SIGEBI.INFRASTRUTURE", "SIGEBI.INFRASTRUTURE\SIGEBI.INFRASTRUTURE.csproj", "{E7060526-9169-4A5B-A88C-33D19CD456D7}"
EndProject
Project("{FAE04EC0-301F-11D3-BF4B-00C04F79EFBC}") = "SIGEBI.PERSISTENCE", "SIGEBI.PERSISTENCE\SIGEBI.PERSISTENCE.csproj", "{227F3607-FC7A-4F61-984B-E0678B2D7FE7}"
EndProject
Project("{FAE04EC0-301F-11D3-BF4B-00C04F79EFBC}") = "SIGEBI.IOC", "SIGEBI.IOC\SIGEBI.IOC.csproj", "{55E9D5A0-CC41-4985-9A8B-170675D7617D}"
EndProject
Project("{FAE04EC0-301F-11D3-BF4B-00C04F79EFBC}") = "SIGEBI.WEB", "SIGEBI.WEB\SIGEBI.WEB.csproj", "{BFF01C60-10DB-4FB0-9C2E-83BA446712A9}"
EndProject
Project("{FAE04EC0-301F-11D3-BF4B-00C04F79EFBC}") = "SIGEBI.TEST", "SIGEBI.TEST\SIGEBI.TEST.csproj", "{F1201948-13FC-4795-AF99-8C9596102954}"
EndProject
Global
	GlobalSection(SolutionConfigurationPlatforms) = preSolution
		Debug|Any CPU = Debug|Any CPU
		Release|Any CPU = Release|Any CPU
	EndGlobalSection
	GlobalSection(ProjectConfigurationPlatforms) = postSolution
		{CB3BDB0C-6D6E-46F6-9AE1-569F1652BC9A}.Debug|Any CPU.ActiveCfg = Debug|Any CPU
		{CB3BDB0C-6D6E-46F6-9AE1-569F1652BC9A}.Debug|Any CPU.Build.0 = Debug|Any CPU
		{CB3BDB0C-6D6E-46F6-9AE1-569F1652BC9A}.Release|Any CPU.ActiveCfg = Release|Any CPU
		{CB3BDB0C-6D6E-46F6-9AE1-569F1652BC9A}.Release|Any CPU.Build.0 = Release|Any CPU
		{96D7DD88-E8A1-44D8-AFDC-CA74ABF07155}.Debug|Any CPU.ActiveCfg = Debug|Any CPU
		{96D7DD88-E8A1-44D8-AFDC-CA74ABF07155}.Debug|Any CPU.Build.0 = Debug|Any CPU
		{96D7DD88-E8A1-44D8-AFDC-CA74ABF07155}.Release|Any CPU.ActiveCfg = Release|Any CPU
		{96D7DD88-E8A1-44D8-AFDC-CA74ABF07155}.Release|Any CPU.Build.0 = Release|Any CPU
		{8D440419-DC21-44A3-9C5B-F42A636FAB8E}.Debug|Any CPU.ActiveCfg = Debug|Any CPU
		{8D440419-DC21-44A3-9C5B-F42A636FAB8E}.Debug|Any CPU.Build.0 = Debug|Any CPU
		{8D440419-DC21-44A3-9C5B-F42A636FAB8E}.Release|Any CPU.ActiveCfg = Release|Any CPU
		{8D440419-DC21-44A3-9C5B-F42A636FAB8E}.Release|Any CPU.Build.0 = Release|Any CPU
		{E7060526-9169-4A5B-A88C-33D19CD456D7}.Debug|Any CPU.ActiveCfg = Debug|Any CPU
		{E7060526-9169-4A5B-A88C-33D19CD456D7}.Debug|Any CPU.Build.0 = Debug|Any CPU
		{E7060526-9169-4A5B-A88C-33D19CD456D7}.Release|Any CPU.ActiveCfg = Release|Any CPU
		{E7060526-9169-4A5B-A88C-33D19CD456D7}.Release|Any CPU.Build.0 = Release|Any CPU
		{227F3607-FC7A-4F61-984B-E0678B2D7FE7}.Debug|Any CPU.ActiveCfg = Debug|Any CPU
		{227F3607-FC7A-4F61-984B-E0678B2D7FE7}.Debug|Any CPU.Build.0 = Debug|Any CPU
		{227F3607-FC7A-4F61-984B-E0678B2D7FE7}.Release|Any CPU.ActiveCfg = Release|Any CPU
		{227F3607-FC7A-4F61-984B-E0678B2D7FE7}.Release|Any CPU.Build.0 = Release|Any CPU
		{55E9D5A0-CC41-4985-9A8B-170675D7617D}.Debug|Any CPU.ActiveCfg = Debug|Any CPU
		{55E9D5A0-CC41-4985-9A8B-170675D7617D}.Debug|Any CPU.Build.0 = Debug|Any CPU
		{55E9D5A0-CC41-4985-9A8B-170675D7617D}.Release|Any CPU.ActiveCfg = Release|Any CPU
		{55E9D5A0-CC41-4985-9A8B-170675D7617D}.Release|Any CPU.Build.0 = Release|Any CPU
		{BFF01C60-10DB-4FB0-9C2E-83BA446712A9}.Debug|Any CPU.ActiveCfg = Debug|Any CPU
		{BFF01C60-10DB-4FB0-9C2E-83BA446712A9}.Debug|Any CPU.Build.0 = Debug|Any CPU
		{BFF01C60-10DB-4FB0-9C2E-83BA446712A9}.Release|Any CPU.ActiveCfg = Release|Any CPU
		{BFF01C60-10DB-4FB0-9C2E-83BA446712A9}.Release|Any CPU.Build.0 = Release|Any CPU
		{F1201948-13FC-4795-AF99-8C9596102954}.Debug|Any CPU.ActiveCfg = Debug|Any CPU
		{F1201948-13FC-4795-AF99-8C9596102954}.Debug|Any CPU.Build.0 = Debug|Any CPU
		{F1201948-13FC-4795-AF99-8C9596102954}.Release|Any CPU.ActiveCfg = Release|Any CPU
		{F1201948-13FC-4795-AF99-8C9596102954}.Release|Any CPU.Build.0 = Release|Any CPU
	EndGlobalSection
	GlobalSection(SolutionProperties) = preSolution
		HideSolutionNode = FALSE
	EndGlobalSection
	GlobalSection(NestedProjects) = preSolution
		{CB3BDB0C-6D6E-46F6-9AE1-569F1652BC9A} = {1F5A5F80-1B92-4F16-B689-9D5453FC5BCA}
		{96D7DD88-E8A1-44D8-AFDC-CA74ABF07155} = {2D5B54F7-2F1D-48B8-95E5-11C689B497B4}
		{D91119B3-4399-45AE-9CD0-239982E767F5} = {03F30CD9-FE1E-467E-867D-E4CA8D10C060}
		{B22BE25E-8324-44E2-B038-3E54B94AFD7A} = {03F30CD9-FE1E-467E-867D-E4CA8D10C060}
		{8D440419-DC21-44A3-9C5B-F42A636FAB8E} = {02EA681E-C7D8-13C7-8484-4AC65E1B71E8}
		{E7060526-9169-4A5B-A88C-33D19CD456D7} = {BD0F5D29-E86A-42C2-B613-5BCC149453D1}
		{227F3607-FC7A-4F61-984B-E0678B2D7FE7} = {BD0F5D29-E86A-42C2-B613-5BCC149453D1}
		{55E9D5A0-CC41-4985-9A8B-170675D7617D} = {AFD1CE87-CBAF-4FAC-859A-8D30B8D0CC5D}
		{BFF01C60-10DB-4FB0-9C2E-83BA446712A9} = {1FD768C8-7281-466C-82B0-FF0C07B69A5F}
		{F1201948-13FC-4795-AF99-8C9596102954} = {BAC6E544-6649-4BA6-9CEE-D4425D068E6A}
	EndGlobalSection
	GlobalSection(ExtensibilityGlobals) = postSolution
		SolutionGuid = {36A080D7-FAEA-450B-A32A-C47683390357}
	EndGlobalSection
EndGlobal
