
Microsoft Visual Studio Solution File, Format Version 12.00
# Visual Studio Version 17
VisualStudioVersion = 17.14.36429.23
MinimumVisualStudioVersion = 10.0.40219.1
Project("{2150E333-8FDC-42A3-9474-1A3956D46DE8}") = "Domain", "Domain", "{02EA681E-C7D8-13C7-8484-4AC65E1B71E8}"
EndProject
Project("{2150E333-8FDC-42A3-9474-1A3956D46DE8}") = "SIGEBI.Application", "SIGEBI.Application", "{89C921E9-EAEA-406D-A539-6B8E3D895839}"
EndProject
Project("{2150E333-8FDC-42A3-9474-1A3956D46DE8}") = "Infrastructure", "Infrastructure", "{BD0F5D29-E86A-42C2-B613-5BCC149453D1}"
EndProject
Project("{2150E333-8FDC-42A3-9474-1A3956D46DE8}") = "SIGEBI.Api", "SIGEBI.Api", "{1F5A5F80-1B92-4F16-B689-9D5453FC5BCA}"
EndProject
Project("{2150E333-8FDC-42A3-9474-1A3956D46DE8}") = "SIGEBI.Tests", "SIGEBI.Tests", "{BAC6E544-6649-4BA6-9CEE-D4425D068E6A}"
EndProject
Project("{2150E333-8FDC-42A3-9474-1A3956D46DE8}") = "SIGEBI.Web", "SIGEBI.Web", "{1FD768C8-7281-466C-82B0-FF0C07B69A5F}"
EndProject
Project("{2150E333-8FDC-42A3-9474-1A3956D46DE8}") = "SIGEBI.IOC", "SIGEBI.IOC", "{AFD1CE87-CBAF-4FAC-859A-8D30B8D0CC5D}"
EndProject
Project("{2150E333-8FDC-42A3-9474-1A3956D46DE8}") = "SIGEBI.Model", "SIGEBI.Model", "{B12FFD5D-E3AC-4F5E-A5C4-2BF2444D5830}"
EndProject
Project("{FAE04EC0-301F-11D3-BF4B-00C04F79EFBC}") = "SIGEBI.WEB", "SIGEBI.WEB\SIGEBI.WEB.csproj", "{5BB8F9C5-7D51-46C2-91CD-D97570CA6F74}"
EndProject
Project("{FAE04EC0-301F-11D3-BF4B-00C04F79EFBC}") = "SIGEBI.API", "SIGEBI.API\SIGEBI.API.csproj", "{CD6C2A3F-8AB0-4087-AD5F-ED3F69C83C14}"
EndProject
Project("{FAE04EC0-301F-11D3-BF4B-00C04F79EFBC}") = "SIGEBI.Application", "SIGEBI.Application\SIGEBI.Application.csproj", "{139ED95D-D450-4BE2-845F-03078A0F7BC5}"
EndProject
Project("{FAE04EC0-301F-11D3-BF4B-00C04F79EFBC}") = "SIGEBI.Domain", "SIGEBI.Domai\SIGEBI.Domain.csproj", "{A44C5485-2671-4270-B956-C3C21B700830}"
EndProject
Project("{FAE04EC0-301F-11D3-BF4B-00C04F79EFBC}") = "SIGEBI.IOC", "SIGEBI.IOX\SIGEBI.IOC.csproj", "{4E4A0B2B-1AE9-4EB7-9E6B-8582488A19A8}"
EndProject
Project("{FAE04EC0-301F-11D3-BF4B-00C04F79EFBC}") = "SIGEBI.model", "SIGEBI.model\SIGEBI.model.csproj", "{63D05C1A-F924-43B4-A19C-8AB18D35A231}"
EndProject
Project("{FAE04EC0-301F-11D3-BF4B-00C04F79EFBC}") = "SIGEBI.Aplication", "SIGEBI.Aplication\SIGEBI.Aplication.csproj", "{DBF07394-6A4F-4DFC-B54D-C4E576CC0F52}"
EndProject
Project("{FAE04EC0-301F-11D3-BF4B-00C04F79EFBC}") = "SiGEBI.Infraestructure", "SiGEBI.Infraestructure\SiGEBI.Infraestructure.csproj", "{7FDC1183-4AB0-4DEB-9CE4-A4CC2113DBDF}"
EndProject
Project("{FAE04EC0-301F-11D3-BF4B-00C04F79EFBC}") = "SIGEBI.Persistencia", "SIGEBI.Persistenciaa\SIGEBI.Persistencia.csproj", "{178CF7CF-62F7-46BB-AC3A-55D0D39BA2B9}"
EndProject
Project("{2150E333-8FDC-42A3-9474-1A3956D46DE8}") = "Intefaces", "Intefaces", "{36B022B9-B9D1-440F-8CFC-7307565FFC95}"
EndProject
Project("{2150E333-8FDC-42A3-9474-1A3956D46DE8}") = "Services", "Services", "{75F25987-F4F6-4CED-A465-2A22FA4892FA}"
EndProject
Project("{2150E333-8FDC-42A3-9474-1A3956D46DE8}") = "DTOs", "DTOs", "{8701CD94-D63A-492B-B223-031D5521F35D}"
EndProject
Project("{2150E333-8FDC-42A3-9474-1A3956D46DE8}") = "ViewModels", "ViewModels", "{6D6D4C7C-5834-4CCF-8B5D-7B4FD6060AC8}"
EndProject
Project("{2150E333-8FDC-42A3-9474-1A3956D46DE8}") = "Controllers", "Controllers", "{79836D7D-DFBC-4F96-976D-53FBE059504C}"
EndProject
Project("{2150E333-8FDC-42A3-9474-1A3956D46DE8}") = "Models", "Models", "{95C3F4D1-ED43-4CC1-ABCF-86554D0D5669}"
EndProject
Project("{2150E333-8FDC-42A3-9474-1A3956D46DE8}") = "Persistencia", "Persistencia", "{2961B2A1-2FCE-4CC4-9110-35571587D43F}"
EndProject
Project("{FAE04EC0-301F-11D3-BF4B-00C04F79EFBC}") = "SIGEBI.Persistencia", "ClassLibrary1\SIGEBI.Persistencia.csproj", "{5E6015D3-D9D8-4FC6-A65D-4E3B06E72402}"
EndProject
Project("{2150E333-8FDC-42A3-9474-1A3956D46DE8}") = "Context", "Context", "{AFAE7032-FED7-4353-A2B0-E1C59B777C00}"
EndProject
Project("{2150E333-8FDC-42A3-9474-1A3956D46DE8}") = "Repositories", "Repositories", "{EAFF82BD-77A2-451D-9811-1131686BDA64}"
EndProject
Project("{2150E333-8FDC-42A3-9474-1A3956D46DE8}") = "Migrations", "Migrations", "{9A0CD172-D9CE-4ACB-A972-84717D7299A4}"
EndProject
Global
	GlobalSection(SolutionConfigurationPlatforms) = preSolution
		Debug|Any CPU = Debug|Any CPU
		Release|Any CPU = Release|Any CPU
	EndGlobalSection
	GlobalSection(ProjectConfigurationPlatforms) = postSolution
		{5BB8F9C5-7D51-46C2-91CD-D97570CA6F74}.Debug|Any CPU.ActiveCfg = Debug|Any CPU
		{5BB8F9C5-7D51-46C2-91CD-D97570CA6F74}.Debug|Any CPU.Build.0 = Debug|Any CPU
		{5BB8F9C5-7D51-46C2-91CD-D97570CA6F74}.Release|Any CPU.ActiveCfg = Release|Any CPU
		{5BB8F9C5-7D51-46C2-91CD-D97570CA6F74}.Release|Any CPU.Build.0 = Release|Any CPU
		{CD6C2A3F-8AB0-4087-AD5F-ED3F69C83C14}.Debug|Any CPU.ActiveCfg = Debug|Any CPU
		{CD6C2A3F-8AB0-4087-AD5F-ED3F69C83C14}.Debug|Any CPU.Build.0 = Debug|Any CPU
		{CD6C2A3F-8AB0-4087-AD5F-ED3F69C83C14}.Release|Any CPU.ActiveCfg = Release|Any CPU
		{CD6C2A3F-8AB0-4087-AD5F-ED3F69C83C14}.Release|Any CPU.Build.0 = Release|Any CPU
		{139ED95D-D450-4BE2-845F-03078A0F7BC5}.Debug|Any CPU.ActiveCfg = Debug|Any CPU
		{139ED95D-D450-4BE2-845F-03078A0F7BC5}.Debug|Any CPU.Build.0 = Debug|Any CPU
		{139ED95D-D450-4BE2-845F-03078A0F7BC5}.Release|Any CPU.ActiveCfg = Release|Any CPU
		{139ED95D-D450-4BE2-845F-03078A0F7BC5}.Release|Any CPU.Build.0 = Release|Any CPU
		{A44C5485-2671-4270-B956-C3C21B700830}.Debug|Any CPU.ActiveCfg = Debug|Any CPU
		{A44C5485-2671-4270-B956-C3C21B700830}.Debug|Any CPU.Build.0 = Debug|Any CPU
		{A44C5485-2671-4270-B956-C3C21B700830}.Release|Any CPU.ActiveCfg = Release|Any CPU
		{A44C5485-2671-4270-B956-C3C21B700830}.Release|Any CPU.Build.0 = Release|Any CPU
		{4E4A0B2B-1AE9-4EB7-9E6B-8582488A19A8}.Debug|Any CPU.ActiveCfg = Debug|Any CPU
		{4E4A0B2B-1AE9-4EB7-9E6B-8582488A19A8}.Debug|Any CPU.Build.0 = Debug|Any CPU
		{4E4A0B2B-1AE9-4EB7-9E6B-8582488A19A8}.Release|Any CPU.ActiveCfg = Release|Any CPU
		{4E4A0B2B-1AE9-4EB7-9E6B-8582488A19A8}.Release|Any CPU.Build.0 = Release|Any CPU
		{63D05C1A-F924-43B4-A19C-8AB18D35A231}.Debug|Any CPU.ActiveCfg = Debug|Any CPU
		{63D05C1A-F924-43B4-A19C-8AB18D35A231}.Debug|Any CPU.Build.0 = Debug|Any CPU
		{63D05C1A-F924-43B4-A19C-8AB18D35A231}.Release|Any CPU.ActiveCfg = Release|Any CPU
		{63D05C1A-F924-43B4-A19C-8AB18D35A231}.Release|Any CPU.Build.0 = Release|Any CPU
		{DBF07394-6A4F-4DFC-B54D-C4E576CC0F52}.Debug|Any CPU.ActiveCfg = Debug|Any CPU
		{DBF07394-6A4F-4DFC-B54D-C4E576CC0F52}.Debug|Any CPU.Build.0 = Debug|Any CPU
		{DBF07394-6A4F-4DFC-B54D-C4E576CC0F52}.Release|Any CPU.ActiveCfg = Release|Any CPU
		{DBF07394-6A4F-4DFC-B54D-C4E576CC0F52}.Release|Any CPU.Build.0 = Release|Any CPU
		{7FDC1183-4AB0-4DEB-9CE4-A4CC2113DBDF}.Debug|Any CPU.ActiveCfg = Debug|Any CPU
		{7FDC1183-4AB0-4DEB-9CE4-A4CC2113DBDF}.Debug|Any CPU.Build.0 = Debug|Any CPU
		{7FDC1183-4AB0-4DEB-9CE4-A4CC2113DBDF}.Release|Any CPU.ActiveCfg = Release|Any CPU
		{7FDC1183-4AB0-4DEB-9CE4-A4CC2113DBDF}.Release|Any CPU.Build.0 = Release|Any CPU
		{178CF7CF-62F7-46BB-AC3A-55D0D39BA2B9}.Debug|Any CPU.ActiveCfg = Debug|Any CPU
		{178CF7CF-62F7-46BB-AC3A-55D0D39BA2B9}.Debug|Any CPU.Build.0 = Debug|Any CPU
		{178CF7CF-62F7-46BB-AC3A-55D0D39BA2B9}.Release|Any CPU.ActiveCfg = Release|Any CPU
		{178CF7CF-62F7-46BB-AC3A-55D0D39BA2B9}.Release|Any CPU.Build.0 = Release|Any CPU
		{5E6015D3-D9D8-4FC6-A65D-4E3B06E72402}.Debug|Any CPU.ActiveCfg = Debug|Any CPU
		{5E6015D3-D9D8-4FC6-A65D-4E3B06E72402}.Debug|Any CPU.Build.0 = Debug|Any CPU
		{5E6015D3-D9D8-4FC6-A65D-4E3B06E72402}.Release|Any CPU.ActiveCfg = Release|Any CPU
		{5E6015D3-D9D8-4FC6-A65D-4E3B06E72402}.Release|Any CPU.Build.0 = Release|Any CPU
	EndGlobalSection
	GlobalSection(SolutionProperties) = preSolution
		HideSolutionNode = FALSE
	EndGlobalSection
	GlobalSection(NestedProjects) = preSolution
		{5BB8F9C5-7D51-46C2-91CD-D97570CA6F74} = {1FD768C8-7281-466C-82B0-FF0C07B69A5F}
		{CD6C2A3F-8AB0-4087-AD5F-ED3F69C83C14} = {1F5A5F80-1B92-4F16-B689-9D5453FC5BCA}
		{139ED95D-D450-4BE2-845F-03078A0F7BC5} = {89C921E9-EAEA-406D-A539-6B8E3D895839}
		{A44C5485-2671-4270-B956-C3C21B700830} = {02EA681E-C7D8-13C7-8484-4AC65E1B71E8}
		{4E4A0B2B-1AE9-4EB7-9E6B-8582488A19A8} = {AFD1CE87-CBAF-4FAC-859A-8D30B8D0CC5D}
		{63D05C1A-F924-43B4-A19C-8AB18D35A231} = {B12FFD5D-E3AC-4F5E-A5C4-2BF2444D5830}
		{DBF07394-6A4F-4DFC-B54D-C4E576CC0F52} = {BAC6E544-6649-4BA6-9CEE-D4425D068E6A}
		{7FDC1183-4AB0-4DEB-9CE4-A4CC2113DBDF} = {BD0F5D29-E86A-42C2-B613-5BCC149453D1}
		{178CF7CF-62F7-46BB-AC3A-55D0D39BA2B9} = {BAC6E544-6649-4BA6-9CEE-D4425D068E6A}
		{36B022B9-B9D1-440F-8CFC-7307565FFC95} = {89C921E9-EAEA-406D-A539-6B8E3D895839}
		{75F25987-F4F6-4CED-A465-2A22FA4892FA} = {89C921E9-EAEA-406D-A539-6B8E3D895839}
		{8701CD94-D63A-492B-B223-031D5521F35D} = {B12FFD5D-E3AC-4F5E-A5C4-2BF2444D5830}
		{6D6D4C7C-5834-4CCF-8B5D-7B4FD6060AC8} = {B12FFD5D-E3AC-4F5E-A5C4-2BF2444D5830}
		{79836D7D-DFBC-4F96-976D-53FBE059504C} = {1F5A5F80-1B92-4F16-B689-9D5453FC5BCA}
		{95C3F4D1-ED43-4CC1-ABCF-86554D0D5669} = {1F5A5F80-1B92-4F16-B689-9D5453FC5BCA}
		{5E6015D3-D9D8-4FC6-A65D-4E3B06E72402} = {2961B2A1-2FCE-4CC4-9110-35571587D43F}
		{AFAE7032-FED7-4353-A2B0-E1C59B777C00} = {2961B2A1-2FCE-4CC4-9110-35571587D43F}
		{EAFF82BD-77A2-451D-9811-1131686BDA64} = {2961B2A1-2FCE-4CC4-9110-35571587D43F}
		{9A0CD172-D9CE-4ACB-A972-84717D7299A4} = {2961B2A1-2FCE-4CC4-9110-35571587D43F}
	EndGlobalSection
	GlobalSection(ExtensibilityGlobals) = postSolution
		SolutionGuid = {36A080D7-FAEA-450B-A32A-C47683390357}
	EndGlobalSection
EndGlobal
